
Microsoft Visual Studio Solution File, Format Version 12.00
# Visual Studio 15
VisualStudioVersion = 15.0.27428.2027
MinimumVisualStudioVersion = 10.0.40219.1
Project("{9A19103F-16F7-4668-BE54-9A1E7A4F7556}") = "PublicSite", "PublicSite\PublicSite.csproj", "{9DECB62C-D41A-4810-BA9F-BA2BFD04F4CD}"
EndProject
Global
	GlobalSection(SolutionConfigurationPlatforms) = preSolution
		Debug|Any CPU = Debug|Any CPU
		Release|Any CPU = Release|Any CPU
	EndGlobalSection
	GlobalSection(ProjectConfigurationPlatforms) = postSolution
		{9DECB62C-D41A-4810-BA9F-BA2BFD04F4CD}.Debug|Any CPU.ActiveCfg = Debug|Any CPU
		{9DECB62C-D41A-4810-BA9F-BA2BFD04F4CD}.Debug|Any CPU.Build.0 = Debug|Any CPU
		{9DECB62C-D41A-4810-BA9F-BA2BFD04F4CD}.Release|Any CPU.ActiveCfg = Release|Any CPU
		{9DECB62C-D41A-4810-BA9F-BA2BFD04F4CD}.Release|Any CPU.Build.0 = Release|Any CPU
	EndGlobalSection
	GlobalSection(SolutionProperties) = preSolution
		HideSolutionNode = FALSE
	EndGlobalSection
	GlobalSection(ExtensibilityGlobals) = postSolution
		SolutionGuid = {AD41C861-F83A-469F-BB18-763F30F1081F}
	EndGlobalSection
EndGlobal
